
Microsoft Visual Studio Solution File, Format Version 12.00
# Visual Studio Version 16
VisualStudioVersion = 16.0.30011.22
MinimumVisualStudioVersion = 10.0.40219.1
Project("{FAE04EC0-301F-11D3-BF4B-00C04F79EFBC}") = "GFDecompress", "GFDecompress.csproj", "{5ED1F694-2213-42B0-9B47-9D768CF23A43}"
EndProject
Global
	GlobalSection(SolutionConfigurationPlatforms) = preSolution
		Debug|Any CPU = Debug|Any CPU
		Debug|x64 = Debug|x64
		Release|Any CPU = Release|Any CPU
		Release|x64 = Release|x64
	EndGlobalSection
	GlobalSection(ProjectConfigurationPlatforms) = postSolution
		{5ED1F694-2213-42B0-9B47-9D768CF23A43}.Debug|Any CPU.ActiveCfg = Debug|Any CPU
		{5ED1F694-2213-42B0-9B47-9D768CF23A43}.Debug|Any CPU.Build.0 = Debug|Any CPU
		{5ED1F694-2213-42B0-9B47-9D768CF23A43}.Debug|x64.ActiveCfg = Debug|x64
		{5ED1F694-2213-42B0-9B47-9D768CF23A43}.Debug|x64.Build.0 = Debug|x64
		{5ED1F694-2213-42B0-9B47-9D768CF23A43}.Release|Any CPU.ActiveCfg = Release|Any CPU
		{5ED1F694-2213-42B0-9B47-9D768CF23A43}.Release|Any CPU.Build.0 = Release|Any CPU
		{5ED1F694-2213-42B0-9B47-9D768CF23A43}.Release|x64.ActiveCfg = Release|x64
		{5ED1F694-2213-42B0-9B47-9D768CF23A43}.Release|x64.Build.0 = Release|x64
	EndGlobalSection
	GlobalSection(SolutionProperties) = preSolution
		HideSolutionNode = FALSE
	EndGlobalSection
	GlobalSection(ExtensibilityGlobals) = postSolution
		SolutionGuid = {AA9A6B33-347C-46F3-A9B3-F485DAD08951}
	EndGlobalSection
EndGlobal
